Microsoft Visual Studio Solution File, Format Version 12.00
# Visual Studio Version 17
VisualStudioVersion = 17.5.2.0
MinimumVisualStudioVersion = 10.0.40219.1
Project("{FAE04EC0-301F-11D3-BF4B-00C04F79EFBC}") = "db-betaal-module", "db-betaal-module.csproj", "{2327708A-F293-8731-EDF3-721365B438D1}"
EndProject
Global
	GlobalSection(SolutionConfigurationPlatforms) = preSolution
		Debug|Any CPU = Debug|Any CPU
		Release|Any CPU = Release|Any CPU
	EndGlobalSection
	GlobalSection(ProjectConfigurationPlatforms) = postSolution
		{2327708A-F293-8731-EDF3-721365B438D1}.Debug|Any CPU.ActiveCfg = Debug|Any CPU
		{2327708A-F293-8731-EDF3-721365B438D1}.Debug|Any CPU.Build.0 = Debug|Any CPU
		{2327708A-F293-8731-EDF3-721365B438D1}.Release|Any CPU.ActiveCfg = Release|Any CPU
		{2327708A-F293-8731-EDF3-721365B438D1}.Release|Any CPU.Build.0 = Release|Any CPU
	EndGlobalSection
	GlobalSection(SolutionProperties) = preSolution
		HideSolutionNode = FALSE
	EndGlobalSection
	GlobalSection(ExtensibilityGlobals) = postSolution
		SolutionGuid = {95E0695A-0904-409F-87BB-5B05E2FBE450}
	EndGlobalSection
EndGlobal
